
Microsoft Visual Studio Solution File, Format Version 12.00
# Visual Studio 2012
Project("{F2A71F9B-5D33-465A-A702-920D77279786}") = "fsharp-cheatsheet", "fsharp-cheatsheet.fsproj", "{F798159B-3785-4CF8-8958-94FE65356A75}"
EndProject
Global
	GlobalSection(SolutionConfigurationPlatforms) = preSolution
		Debug|Any CPU = Debug|Any CPU
		Release|Any CPU = Release|Any CPU
	EndGlobalSection
	GlobalSection(ProjectConfigurationPlatforms) = postSolution
		{F798159B-3785-4CF8-8958-94FE65356A75}.Debug|Any CPU.ActiveCfg = Debug|Any CPU
		{F798159B-3785-4CF8-8958-94FE65356A75}.Debug|Any CPU.Build.0 = Debug|Any CPU
		{F798159B-3785-4CF8-8958-94FE65356A75}.Release|Any CPU.ActiveCfg = Release|Any CPU
		{F798159B-3785-4CF8-8958-94FE65356A75}.Release|Any CPU.Build.0 = Release|Any CPU
	EndGlobalSection
	GlobalSection(SolutionProperties) = preSolution
		HideSolutionNode = FALSE
	EndGlobalSection
EndGlobal
